
Microsoft Visual Studio Solution File, Format Version 12.00
# Visual Studio Version 17
VisualStudioVersion = 17.7.34009.444
MinimumVisualStudioVersion = 10.0.40219.1
Project("{FAE04EC0-301F-11D3-BF4B-00C04F79EFBC}") = "WebApplication5", "WebApplication5.csproj", "{1A8062D1-6B19-4BCA-883F-DCF48635B907}"
EndProject
Global
	GlobalSection(SolutionConfigurationPlatforms) = preSolution
		Debug|Any CPU = Debug|Any CPU
		Release|Any CPU = Release|Any CPU
	EndGlobalSection
	GlobalSection(ProjectConfigurationPlatforms) = postSolution
		{1A8062D1-6B19-4BCA-883F-DCF48635B907}.Debug|Any CPU.ActiveCfg = Debug|Any CPU
		{1A8062D1-6B19-4BCA-883F-DCF48635B907}.Debug|Any CPU.Build.0 = Debug|Any CPU
		{1A8062D1-6B19-4BCA-883F-DCF48635B907}.Release|Any CPU.ActiveCfg = Release|Any CPU
		{1A8062D1-6B19-4BCA-883F-DCF48635B907}.Release|Any CPU.Build.0 = Release|Any CPU
	EndGlobalSection
	GlobalSection(SolutionProperties) = preSolution
		HideSolutionNode = FALSE
	EndGlobalSection
	GlobalSection(ExtensibilityGlobals) = postSolution
		SolutionGuid = {37123704-348A-4B2C-A645-E15BB3B53B33}
	EndGlobalSection
EndGlobal
